
Microsoft Visual Studio Solution File, Format Version 12.00
# Visual Studio Version 17
VisualStudioVersion = 17.2.32630.192
MinimumVisualStudioVersion = 10.0.40219.1
Project("{FAE04EC0-301F-11D3-BF4B-00C04F79EFBC}") = "AdressBookSystem", "AdressBookSystem.csproj", "{97F807D0-8F44-4572-A449-BA5AE2D5DADF}"
EndProject
Global
	GlobalSection(SolutionConfigurationPlatforms) = preSolution
		Debug|Any CPU = Debug|Any CPU
		Release|Any CPU = Release|Any CPU
	EndGlobalSection
	GlobalSection(ProjectConfigurationPlatforms) = postSolution
		{97F807D0-8F44-4572-A449-BA5AE2D5DADF}.Debug|Any CPU.ActiveCfg = Debug|Any CPU
		{97F807D0-8F44-4572-A449-BA5AE2D5DADF}.Debug|Any CPU.Build.0 = Debug|Any CPU
		{97F807D0-8F44-4572-A449-BA5AE2D5DADF}.Release|Any CPU.ActiveCfg = Release|Any CPU
		{97F807D0-8F44-4572-A449-BA5AE2D5DADF}.Release|Any CPU.Build.0 = Release|Any CPU
	EndGlobalSection
	GlobalSection(SolutionProperties) = preSolution
		HideSolutionNode = FALSE
	EndGlobalSection
	GlobalSection(ExtensibilityGlobals) = postSolution
		SolutionGuid = {A0B59F46-0399-4F65-92BE-FB0D4DB5B618}
	EndGlobalSection
EndGlobal
